
Microsoft Visual Studio Solution File, Format Version 12.00
# Visual Studio 15
VisualStudioVersion = 15.0.28307.489
MinimumVisualStudioVersion = 10.0.40219.1
Project("{FAE04EC0-301F-11D3-BF4B-00C04F79EFBC}") = "Banana.AutoCode", "Banana.AutoCode\Banana.AutoCode.csproj", "{149CECC1-5F15-4D8F-8011-61BE8050713D}"
EndProject
Global
	GlobalSection(SolutionConfigurationPlatforms) = preSolution
		Debug|Any CPU = Debug|Any CPU
		Release|Any CPU = Release|Any CPU
	EndGlobalSection
	GlobalSection(ProjectConfigurationPlatforms) = postSolution
		{149CECC1-5F15-4D8F-8011-61BE8050713D}.Debug|Any CPU.ActiveCfg = Debug|Any CPU
		{149CECC1-5F15-4D8F-8011-61BE8050713D}.Debug|Any CPU.Build.0 = Debug|Any CPU
		{149CECC1-5F15-4D8F-8011-61BE8050713D}.Release|Any CPU.ActiveCfg = Release|Any CPU
		{149CECC1-5F15-4D8F-8011-61BE8050713D}.Release|Any CPU.Build.0 = Release|Any CPU
	EndGlobalSection
	GlobalSection(SolutionProperties) = preSolution
		HideSolutionNode = FALSE
	EndGlobalSection
	GlobalSection(ExtensibilityGlobals) = postSolution
		SolutionGuid = {CE496FB4-37FE-439F-A5F4-3EA9C4F535EA}
	EndGlobalSection
EndGlobal
