
Microsoft Visual Studio Solution File, Format Version 12.00
# Visual Studio Version 16
VisualStudioVersion = 16.0.33529.622
MinimumVisualStudioVersion = 10.0.40219.1
Project("{FAE04EC0-301F-11D3-BF4B-00C04F79EFBC}") = "Banana.AutoCode", "Banana.AutoCode\Banana.AutoCode.csproj", "{149CECC1-5F15-4D8F-8011-61BE8050713D}"
EndProject
Project("{2150E333-8FDC-42A3-9474-1A3956D46DE8}") = "Solution Items", "Solution Items", "{1FD85DAF-5E5F-4EEE-B236-B4FE3FE5F5CF}"
	ProjectSection(SolutionItems) = preProject
		Directory.Build.props = Directory.Build.props
		Directory.Build.targets = Directory.Build.targets
	EndProjectSection
EndProject
Global
	GlobalSection(SolutionConfigurationPlatforms) = preSolution
		Debug|Any CPU = Debug|Any CPU
		Release|Any CPU = Release|Any CPU
	EndGlobalSection
	GlobalSection(ProjectConfigurationPlatforms) = postSolution
		{149CECC1-5F15-4D8F-8011-61BE8050713D}.Debug|Any CPU.ActiveCfg = Debug|Any CPU
		{149CECC1-5F15-4D8F-8011-61BE8050713D}.Debug|Any CPU.Build.0 = Debug|Any CPU
		{149CECC1-5F15-4D8F-8011-61BE8050713D}.Release|Any CPU.ActiveCfg = Release|Any CPU
		{149CECC1-5F15-4D8F-8011-61BE8050713D}.Release|Any CPU.Build.0 = Release|Any CPU
	EndGlobalSection
	GlobalSection(SolutionProperties) = preSolution
		HideSolutionNode = FALSE
	EndGlobalSection
	GlobalSection(ExtensibilityGlobals) = postSolution
		SolutionGuid = {CE496FB4-37FE-439F-A5F4-3EA9C4F535EA}
	EndGlobalSection
EndGlobal
